<?xml version="1.0" encoding="utf-8"?>
<Project ToolsVersion="4.0" xmlns="http://schemas.microsoft.com/developer/msbuild/2003">
  <ItemGroup>
    <Filter Include="Backends">
      <UniqueIdentifier>{565033c3-e590-460f-a723-456603ac2c3e}</UniqueIdentifier>
    </Filter>
    <Filter Include="header">
      <UniqueIdentifier>{d07aac36-5ba2-4c70-bb3b-e41aa29d613c}</UniqueIdentifier>
    </Filter>
    <Filter Include="source">
      <UniqueIdentifier>{ca3d8132-6f8a-4799-802c-cd0ec21a00ff}</UniqueIdentifier>
    </Filter>
  </ItemGroup>
  <ItemGroup>
    <ClCompile Include="$(MSBuildThisFileDirectory)..\shared\ImGuiSrc\backends\imgui_impl_dx11.cpp">
      <Filter>Backends</Filter>
    </ClCompile>
    <ClCompile Include="$(MSBuildThisFileDirectory)..\shared\ImGuiSrc\backends\imgui_impl_win32.cpp">
      <Filter>Backends</Filter>
    </ClCompile>
    <ClCompile Include="$(MSBuildThisFileDirectory)..\shared\ImGuiSrc\imgui.cpp">
      <Filter>source</Filter>
    </ClCompile>
    <ClCompile Include="$(MSBuildThisFileDirectory)..\shared\ImGuiSrc\imgui_demo.cpp">
      <Filter>source</Filter>
    </ClCompile>
    <ClCompile Include="$(MSBuildThisFileDirectory)..\shared\ImGuiSrc\imgui_draw.cpp">
      <Filter>source</Filter>
    </ClCompile>
    <ClCompile Include="$(MSBuildThisFileDirectory)..\shared\ImGuiSrc\imgui_tables.cpp">
      <Filter>source</Filter>
    </ClCompile>
    <ClCompile Include="$(MSBuildThisFileDirectory)..\shared\ImGuiSrc\imgui_widgets.cpp">
      <Filter>source</Filter>
    </ClCompile>
  </ItemGroup>
  <ItemGroup>
    <ClInclude Include="$(MSBuildThisFileDirectory)..\shared\ImGuiSrc\backends\imgui_impl_dx11.h">
      <Filter>Backends</Filter>
    </ClInclude>
    <ClInclude Include="$(MSBuildThisFileDirectory)..\shared\ImGuiSrc\backends\imgui_impl_win32.h">
      <Filter>Backends</Filter>
    </ClInclude>
    <ClInclude Include="$(MSBuildThisFileDirectory)..\shared\ImGuiSrc\imconfig.h">
      <Filter>header</Filter>
    </ClInclude>
    <ClInclude Include="$(MSBuildThisFileDirectory)..\shared\ImGuiSrc\imgui.h">
      <Filter>header</Filter>
    </ClInclude>
    <ClInclude Include="$(MSBuildThisFileDirectory)..\shared\ImGuiSrc\imgui_internal.h">
      <Filter>header</Filter>
    </ClInclude>
    <ClInclude Include="$(MSBuildThisFileDirectory)..\shared\ImGuiSrc\imstb_rectpack.h">
      <Filter>header</Filter>
    </ClInclude>
    <ClInclude Include="$(MSBuildThisFileDirectory)..\shared\ImGuiSrc\imstb_textedit.h">
      <Filter>header</Filter>
    </ClInclude>
    <ClInclude Include="$(MSBuildThisFileDirectory)..\shared\ImGuiSrc\imstb_truetype.h">
      <Filter>header</Filter>
    </ClInclude>
  </ItemGroup>
</Project>